// !$*UTF8*$!
{
	archiveVersion = 1;
	classes = {
	};
	objectVersion = 50;
	objects = {

/* Begin PBXBuildFile section */
		DD01097E23F7D50100758BF8 /* AppDelegate.swift in Sources */ = {isa = PBXBuildFile; fileRef = DD01097D23F7D50100758BF8 /* AppDelegate.swift */; };
		DD01098023F7D50100758BF8 /* SceneDelegate.swift in Sources */ = {isa = PBXBuildFile; fileRef = DD01097F23F7D50100758BF8 /* SceneDelegate.swift */; };
		DD01098323F7D50200758BF8 /* SwiftUICode.xcdatamodeld in Sources */ = {isa = PBXBuildFile; fileRef = DD01098123F7D50200758BF8 /* SwiftUICode.xcdatamodeld */; };
		DD01098523F7D50200758BF8 /* ContentView.swift in Sources */ = {isa = PBXBuildFile; fileRef = DD01098423F7D50200758BF8 /* ContentView.swift */; };
		DD01098723F7D50200758BF8 /* Assets.xcassets in Resources */ = {isa = PBXBuildFile; fileRef = DD01098623F7D50200758BF8 /* Assets.xcassets */; };
		DD01098A23F7D50200758BF8 /* Preview Assets.xcassets in Resources */ = {isa = PBXBuildFile; fileRef = DD01098923F7D50200758BF8 /* Preview Assets.xcassets */; };
		DD01098D23F7D50200758BF8 /* LaunchScreen.storyboard in Resources */ = {isa = PBXBuildFile; fileRef = DD01098B23F7D50200758BF8 /* LaunchScreen.storyboard */; };
		DD01099523F8058400758BF8 /* Padding+Example.swift in Sources */ = {isa = PBXBuildFile; fileRef = DD01099423F8058400758BF8 /* Padding+Example.swift */; };
		DD01099723F80AD700758BF8 /* ViewModel.swift in Sources */ = {isa = PBXBuildFile; fileRef = DD01099623F80AD700758BF8 /* ViewModel.swift */; };
		DD01099923F80E5E00758BF8 /* TickerView.swift in Sources */ = {isa = PBXBuildFile; fileRef = DD01099823F80E5E00758BF8 /* TickerView.swift */; };
		DD01099B23F811F800758BF8 /* Coin.swift in Sources */ = {isa = PBXBuildFile; fileRef = DD01099A23F811F800758BF8 /* Coin.swift */; };
		DD01099E23F8146B00758BF8 /* NotyView.swift in Sources */ = {isa = PBXBuildFile; fileRef = DD01099D23F8146B00758BF8 /* NotyView.swift */; };
		DD0109A123F814F700758BF8 /* AddView.swift in Sources */ = {isa = PBXBuildFile; fileRef = DD0109A023F814F700758BF8 /* AddView.swift */; };
		DD0109A423F8156500758BF8 /* Noty+CoreDataClass.swift in Sources */ = {isa = PBXBuildFile; fileRef = DD0109A223F8156500758BF8 /* Noty+CoreDataClass.swift */; };
		DD0109A523F8156500758BF8 /* Noty+CoreDataProperties.swift in Sources */ = {isa = PBXBuildFile; fileRef = DD0109A323F8156500758BF8 /* Noty+CoreDataProperties.swift */; };
/* End PBXBuildFile section */

/* Begin PBXFileReference section */
		DD01097A23F7D50100758BF8 /* SwiftUICode.app */ = {isa = PBXFileReference; explicitFileType = wrapper.application; includeInIndex = 0; path = SwiftUICode.app; sourceTree = BUILT_PRODUCTS_DIR; };
		DD01097D23F7D50100758BF8 /* AppDelegate.swift */ = {isa = PBXFileReference; lastKnownFileType = sourcecode.swift; path = AppDelegate.swift; sourceTree = "<group>"; };
		DD01097F23F7D50100758BF8 /* SceneDelegate.swift */ = {isa = PBXFileReference; lastKnownFileType = sourcecode.swift; path = SceneDelegate.swift; sourceTree = "<group>"; };
		DD01098223F7D50200758BF8 /* SwiftUICode.xcdatamodel */ = {isa = PBXFileReference; lastKnownFileType = wrapper.xcdatamodel; path = SwiftUICode.xcdatamodel; sourceTree = "<group>"; };
		DD01098423F7D50200758BF8 /* ContentView.swift */ = {isa = PBXFileReference; lastKnownFileType = sourcecode.swift; path = ContentView.swift; sourceTree = "<group>"; };
		DD01098623F7D50200758BF8 /* Assets.xcassets */ = {isa = PBXFileReference; lastKnownFileType = folder.assetcatalog; path = Assets.xcassets; sourceTree = "<group>"; };
		DD01098923F7D50200758BF8 /* Preview Assets.xcassets */ = {isa = PBXFileReference; lastKnownFileType = folder.assetcatalog; path = "Preview Assets.xcassets"; sourceTree = "<group>"; };
		DD01098C23F7D50200758BF8 /* Base */ = {isa = PBXFileReference; lastKnownFileType = file.storyboard; name = Base; path = Base.lproj/LaunchScreen.storyboard; sourceTree = "<group>"; };
		DD01098E23F7D50200758BF8 /* Info.plist */ = {isa = PBXFileReference; lastKnownFileType = text.plist.xml; path = Info.plist; sourceTree = "<group>"; };
		DD01099423F8058400758BF8 /* Padding+Example.swift */ = {isa = PBXFileReference; lastKnownFileType = sourcecode.swift; path = "Padding+Example.swift"; sourceTree = "<group>"; };
		DD01099623F80AD700758BF8 /* ViewModel.swift */ = {isa = PBXFileReference; lastKnownFileType = sourcecode.swift; path = ViewModel.swift; sourceTree = "<group>"; };
		DD01099823F80E5E00758BF8 /* TickerView.swift */ = {isa = PBXFileReference; lastKnownFileType = sourcecode.swift; path = TickerView.swift; sourceTree = "<group>"; };
		DD01099A23F811F800758BF8 /* Coin.swift */ = {isa = PBXFileReference; lastKnownFileType = sourcecode.swift; path = Coin.swift; sourceTree = "<group>"; };
		DD01099D23F8146B00758BF8 /* NotyView.swift */ = {isa = PBXFileReference; lastKnownFileType = sourcecode.swift; path = NotyView.swift; sourceTree = "<group>"; };
		DD0109A023F814F700758BF8 /* AddView.swift */ = {isa = PBXFileReference; lastKnownFileType = sourcecode.swift; path = AddView.swift; sourceTree = "<group>"; };
		DD0109A223F8156500758BF8 /* Noty+CoreDataClass.swift */ = {isa = PBXFileReference; lastKnownFileType = sourcecode.swift; path = "Noty+CoreDataClass.swift"; sourceTree = "<group>"; };
		DD0109A323F8156500758BF8 /* Noty+CoreDataProperties.swift */ = {isa = PBXFileReference; lastKnownFileType = sourcecode.swift; path = "Noty+CoreDataProperties.swift"; sourceTree = "<group>"; };
/* End PBXFileReference section */

/* Begin PBXFrameworksBuildPhase section */
		DD01097723F7D50100758BF8 /* Frameworks */ = {
			isa = PBXFrameworksBuildPhase;
			buildActionMask = 2147483647;
			files = (
			);
			runOnlyForDeploymentPostprocessing = 0;
		};
/* End PBXFrameworksBuildPhase section */

/* Begin PBXGroup section */
		DD01097123F7D50100758BF8 = {
			isa = PBXGroup;
			children = (
				DD01097C23F7D50100758BF8 /* SwiftUICode */,
				DD01097B23F7D50100758BF8 /* Products */,
			);
			sourceTree = "<group>";
		};
		DD01097B23F7D50100758BF8 /* Products */ = {
			isa = PBXGroup;
			children = (
				DD01097A23F7D50100758BF8 /* SwiftUICode.app */,
			);
			name = Products;
			sourceTree = "<group>";
		};
		DD01097C23F7D50100758BF8 /* SwiftUICode */ = {
			isa = PBXGroup;
			children = (
				DD01097D23F7D50100758BF8 /* AppDelegate.swift */,
				DD01097F23F7D50100758BF8 /* SceneDelegate.swift */,
				DD01098423F7D50200758BF8 /* ContentView.swift */,
				DD0109A723F8162B00758BF8 /* Examples */,
				DD01099C23F812FD00758BF8 /* Ticker */,
				DD01099F23F8146F00758BF8 /* Noty */,
				DD01098623F7D50200758BF8 /* Assets.xcassets */,
				DD01098B23F7D50200758BF8 /* LaunchScreen.storyboard */,
				DD01098E23F7D50200758BF8 /* Info.plist */,
				DD01098123F7D50200758BF8 /* SwiftUICode.xcdatamodeld */,
				DD01098823F7D50200758BF8 /* Preview Content */,
			);
			path = SwiftUICode;
			sourceTree = "<group>";
		};
		DD01098823F7D50200758BF8 /* Preview Content */ = {
			isa = PBXGroup;
			children = (
				DD01098923F7D50200758BF8 /* Preview Assets.xcassets */,
			);
			path = "Preview Content";
			sourceTree = "<group>";
		};
		DD01099C23F812FD00758BF8 /* Ticker */ = {
			isa = PBXGroup;
			children = (
				DD01099823F80E5E00758BF8 /* TickerView.swift */,
				DD01099623F80AD700758BF8 /* ViewModel.swift */,
				DD01099A23F811F800758BF8 /* Coin.swift */,
			);
			path = Ticker;
			sourceTree = "<group>";
		};
		DD01099F23F8146F00758BF8 /* Noty */ = {
			isa = PBXGroup;
			children = (
				DD0109A623F8156900758BF8 /* CoreData */,
				DD01099D23F8146B00758BF8 /* NotyView.swift */,
				DD0109A023F814F700758BF8 /* AddView.swift */,
			);
			path = Noty;
			sourceTree = "<group>";
		};
		DD0109A623F8156900758BF8 /* CoreData */ = {
			isa = PBXGroup;
			children = (
				DD0109A223F8156500758BF8 /* Noty+CoreDataClass.swift */,
				DD0109A323F8156500758BF8 /* Noty+CoreDataProperties.swift */,
			);
			path = CoreData;
			sourceTree = "<group>";
		};
		DD0109A723F8162B00758BF8 /* Examples */ = {
			isa = PBXGroup;
			children = (
				DD01099423F8058400758BF8 /* Padding+Example.swift */,
			);
			path = Examples;
			sourceTree = "<group>";
		};
/* End PBXGroup section */

/* Begin PBXNativeTarget section */
		DD01097923F7D50100758BF8 /* SwiftUICode */ = {
			isa = PBXNativeTarget;
			buildConfigurationList = DD01099123F7D50200758BF8 /* Build configuration list for PBXNativeTarget "SwiftUICode" */;
			buildPhases = (
				DD01097623F7D50100758BF8 /* Sources */,
				DD01097723F7D50100758BF8 /* Frameworks */,
				DD01097823F7D50100758BF8 /* Resources */,
			);
			buildRules = (
			);
			dependencies = (
			);
			name = SwiftUICode;
			productName = SwiftUICode;
			productReference = DD01097A23F7D50100758BF8 /* SwiftUICode.app */;
			productType = "com.apple.product-type.application";
		};
/* End PBXNativeTarget section */

/* Begin PBXProject section */
		DD01097223F7D50100758BF8 /* Project object */ = {
			isa = PBXProject;
			attributes = {
				LastSwiftUpdateCheck = 1130;
				LastUpgradeCheck = 1130;
				ORGANIZATIONNAME = "Abdullah Alhaider";
				TargetAttributes = {
					DD01097923F7D50100758BF8 = {
						CreatedOnToolsVersion = 11.3.1;
					};
				};
			};
			buildConfigurationList = DD01097523F7D50100758BF8 /* Build configuration list for PBXProject "SwiftUICode" */;
			compatibilityVersion = "Xcode 9.3";
			developmentRegion = en;
			hasScannedForEncodings = 0;
			knownRegions = (
				en,
				Base,
			);
			mainGroup = DD01097123F7D50100758BF8;
			productRefGroup = DD01097B23F7D50100758BF8 /* Products */;
			projectDirPath = "";
			projectRoot = "";
			targets = (
				DD01097923F7D50100758BF8 /* SwiftUICode */,
			);
		};
/* End PBXProject section */

/* Begin PBXResourcesBuildPhase section */
		DD01097823F7D50100758BF8 /* Resources */ = {
			isa = PBXResourcesBuildPhase;
			buildActionMask = 2147483647;
			files = (
				DD01098D23F7D50200758BF8 /* LaunchScreen.storyboard in Resources */,
				DD01098A23F7D50200758BF8 /* Preview Assets.xcassets in Resources */,
				DD01098723F7D50200758BF8 /* Assets.xcassets in Resources */,
			);
			runOnlyForDeploymentPostprocessing = 0;
		};
/* End PBXResourcesBuildPhase section */

/* Begin PBXSourcesBuildPhase section */
		DD01097623F7D50100758BF8 /* Sources */ = {
			isa = PBXSourcesBuildPhase;
			buildActionMask = 2147483647;
			files = (
				DD01099723F80AD700758BF8 /* ViewModel.swift in Sources */,
				DD0109A523F8156500758BF8 /* Noty+CoreDataProperties.swift in Sources */,
				DD0109A423F8156500758BF8 /* Noty+CoreDataClass.swift in Sources */,
				DD01097E23F7D50100758BF8 /* AppDelegate.swift in Sources */,
				DD0109A123F814F700758BF8 /* AddView.swift in Sources */,
				DD01098323F7D50200758BF8 /* SwiftUICode.xcdatamodeld in Sources */,
				DD01099923F80E5E00758BF8 /* TickerView.swift in Sources */,
				DD01099E23F8146B00758BF8 /* NotyView.swift in Sources */,
				DD01098523F7D50200758BF8 /* ContentView.swift in Sources */,
				DD01099523F8058400758BF8 /* Padding+Example.swift in Sources */,
				DD01099B23F811F800758BF8 /* Coin.swift in Sources */,
				DD01098023F7D50100758BF8 /* SceneDelegate.swift in Sources */,
			);
			runOnlyForDeploymentPostprocessing = 0;
		};
/* End PBXSourcesBuildPhase section */

/* Begin PBXVariantGroup section */
		DD01098B23F7D50200758BF8 /* LaunchScreen.storyboard */ = {
			isa = PBXVariantGroup;
			children = (
				DD01098C23F7D50200758BF8 /* Base */,
			);
			name = LaunchScreen.storyboard;
			sourceTree = "<group>";
		};
/* End PBXVariantGroup section */

/* Begin XCBuildConfiguration section */
		DD01098F23F7D50200758BF8 /* Debug */ = {
			isa = XCBuildConfiguration;
			buildSettings = {
				ALWAYS_SEARCH_USER_PATHS = NO;
				CLANG_ANALYZER_NONNULL = YES;
				CLANG_ANALYZER_NUMBER_OBJECT_CONVERSION = YES_AGGRESSIVE;
				CLANG_CXX_LANGUAGE_STANDARD = "gnu++14";
				CLANG_CXX_LIBRARY = "libc++";
				CLANG_ENABLE_MODULES = YES;
				CLANG_ENABLE_OBJC_ARC = YES;
				CLANG_ENABLE_OBJC_WEAK = YES;
				CLANG_WARN_BLOCK_CAPTURE_AUTORELEASING = YES;
				CLANG_WARN_BOOL_CONVERSION = YES;
				CLANG_WARN_COMMA = YES;
				CLANG_WARN_CONSTANT_CONVERSION = YES;
				CLANG_WARN_DEPRECATED_OBJC_IMPLEMENTATIONS = YES;
				CLANG_WARN_DIRECT_OBJC_ISA_USAGE = YES_ERROR;
				CLANG_WARN_DOCUMENTATION_COMMENTS = YES;
				CLANG_WARN_EMPTY_BODY = YES;
				CLANG_WARN_ENUM_CONVERSION = YES;
				CLANG_WARN_INFINITE_RECURSION = YES;
				CLANG_WARN_INT_CONVERSION = YES;
				CLANG_WARN_NON_LITERAL_NULL_CONVERSION = YES;
				CLANG_WARN_OBJC_IMPLICIT_RETAIN_SELF = YES;
				CLANG_WARN_OBJC_LITERAL_CONVERSION = YES;
				CLANG_WARN_OBJC_ROOT_CLASS = YES_ERROR;
				CLANG_WARN_RANGE_LOOP_ANALYSIS = YES;
				CLANG_WARN_STRICT_PROTOTYPES = YES;
				CLANG_WARN_SUSPICIOUS_MOVE = YES;
				CLANG_WARN_UNGUARDED_AVAILABILITY = YES_AGGRESSIVE;
				CLANG_WARN_UNREACHABLE_CODE = YES;
				CLANG_WARN__DUPLICATE_METHOD_MATCH = YES;
				COPY_PHASE_STRIP = NO;
				DEBUG_INFORMATION_FORMAT = dwarf;
				ENABLE_STRICT_OBJC_MSGSEND = YES;
				ENABLE_TESTABILITY = YES;
				GCC_C_LANGUAGE_STANDARD = gnu11;
				GCC_DYNAMIC_NO_PIC = NO;
				GCC_NO_COMMON_BLOCKS = YES;
				GCC_OPTIMIZATION_LEVEL = 0;
				GCC_PREPROCESSOR_DEFINITIONS = (
					"DEBUG=1",
					"$(inherited)",
				);
				GCC_WARN_64_TO_32_BIT_CONVERSION = YES;
				GCC_WARN_ABOUT_RETURN_TYPE = YES_ERROR;
				GCC_WARN_UNDECLARED_SELECTOR = YES;
				GCC_WARN_UNINITIALIZED_AUTOS = YES_AGGRESSIVE;
				GCC_WARN_UNUSED_FUNCTION = YES;
				GCC_WARN_UNUSED_VARIABLE = YES;
				IPHONEOS_DEPLOYMENT_TARGET = 13.2;
				MTL_ENABLE_DEBUG_INFO = INCLUDE_SOURCE;
				MTL_FAST_MATH = YES;
				ONLY_ACTIVE_ARCH = YES;
				SDKROOT = iphoneos;
				SWIFT_ACTIVE_COMPILATION_CONDITIONS = DEBUG;
				SWIFT_OPTIMIZATION_LEVEL = "-Onone";
			};
			name = Debug;
		};
		DD01099023F7D50200758BF8 /* Release */ = {
			isa = XCBuildConfiguration;
			buildSettings = {
				ALWAYS_SEARCH_USER_PATHS = NO;
				CLANG_ANALYZER_NONNULL = YES;
				CLANG_ANALYZER_NUMBER_OBJECT_CONVERSION = YES_AGGRESSIVE;
				CLANG_CXX_LANGUAGE_STANDARD = "gnu++14";
				CLANG_CXX_LIBRARY = "libc++";
				CLANG_ENABLE_MODULES = YES;
				CLANG_ENABLE_OBJC_ARC = YES;
				CLANG_ENABLE_OBJC_WEAK = YES;
				CLANG_WARN_BLOCK_CAPTURE_AUTORELEASING = YES;
				CLANG_WARN_BOOL_CONVERSION = YES;
				CLANG_WARN_COMMA = YES;
				CLANG_WARN_CONSTANT_CONVERSION = YES;
				CLANG_WARN_DEPRECATED_OBJC_IMPLEMENTATIONS = YES;
				CLANG_WARN_DIRECT_OBJC_ISA_USAGE = YES_ERROR;
				CLANG_WARN_DOCUMENTATION_COMMENTS = YES;
				CLANG_WARN_EMPTY_BODY = YES;
				CLANG_WARN_ENUM_CONVERSION = YES;
				CLANG_WARN_INFINITE_RECURSION = YES;
				CLANG_WARN_INT_CONVERSION = YES;
				CLANG_WARN_NON_LITERAL_NULL_CONVERSION = YES;
				CLANG_WARN_OBJC_IMPLICIT_RETAIN_SELF = YES;
				CLANG_WARN_OBJC_LITERAL_CONVERSION = YES;
				CLANG_WARN_OBJC_ROOT_CLASS = YES_ERROR;
				CLANG_WARN_RANGE_LOOP_ANALYSIS = YES;
				CLANG_WARN_STRICT_PROTOTYPES = YES;
				CLANG_WARN_SUSPICIOUS_MOVE = YES;
				CLANG_WARN_UNGUARDED_AVAILABILITY = YES_AGGRESSIVE;
				CLANG_WARN_UNREACHABLE_CODE = YES;
				CLANG_WARN__DUPLICATE_METHOD_MATCH = YES;
				COPY_PHASE_STRIP = NO;
				DEBUG_INFORMATION_FORMAT = "dwarf-with-dsym";
				ENABLE_NS_ASSERTIONS = NO;
				ENABLE_STRICT_OBJC_MSGSEND = YES;
				GCC_C_LANGUAGE_STANDARD = gnu11;
				GCC_NO_COMMON_BLOCKS = YES;
				GCC_WARN_64_TO_32_BIT_CONVERSION = YES;
				GCC_WARN_ABOUT_RETURN_TYPE = YES_ERROR;
				GCC_WARN_UNDECLARED_SELECTOR = YES;
				GCC_WARN_UNINITIALIZED_AUTOS = YES_AGGRESSIVE;
				GCC_WARN_UNUSED_FUNCTION = YES;
				GCC_WARN_UNUSED_VARIABLE = YES;
				IPHONEOS_DEPLOYMENT_TARGET = 13.2;
				MTL_ENABLE_DEBUG_INFO = NO;
				MTL_FAST_MATH = YES;
				SDKROOT = iphoneos;
				SWIFT_COMPILATION_MODE = wholemodule;
				SWIFT_OPTIMIZATION_LEVEL = "-O";
				VALIDATE_PRODUCT = YES;
			};
			name = Release;
		};
		DD01099223F7D50200758BF8 /* Debug */ = {
			isa = XCBuildConfiguration;
			buildSettings = {
				ASSETCATALOG_COMPILER_APPICON_NAME = AppIcon;
				CODE_SIGN_STYLE = Automatic;
				DEVELOPMENT_ASSET_PATHS = "\"SwiftUICode/Preview Content\"";
				DEVELOPMENT_TEAM = G69L3HCQBT;
				ENABLE_PREVIEWS = YES;
				INFOPLIST_FILE = SwiftUICode/Info.plist;
				LD_RUNPATH_SEARCH_PATHS = (
					"$(inherited)",
					"@executable_path/Frameworks",
				);
				PRODUCT_BUNDLE_IDENTIFIER = net.alhaider.SwiftUICode;
				PRODUCT_NAME = "$(TARGET_NAME)";
				SWIFT_VERSION = 5.0;
				TARGETED_DEVICE_FAMILY = "1,2";
			};
			name = Debug;
		};
		DD01099323F7D50200758BF8 /* Release */ = {
			isa = XCBuildConfiguration;
			buildSettings = {
				ASSETCATALOG_COMPILER_APPICON_NAME = AppIcon;
				CODE_SIGN_STYLE = Automatic;
				DEVELOPMENT_ASSET_PATHS = "\"SwiftUICode/Preview Content\"";
				DEVELOPMENT_TEAM = G69L3HCQBT;
				ENABLE_PREVIEWS = YES;
				INFOPLIST_FILE = SwiftUICode/Info.plist;
				LD_RUNPATH_SEARCH_PATHS = (
					"$(inherited)",
					"@executable_path/Frameworks",
				);
				PRODUCT_BUNDLE_IDENTIFIER = net.alhaider.SwiftUICode;
				PRODUCT_NAME = "$(TARGET_NAME)";
				SWIFT_VERSION = 5.0;
				TARGETED_DEVICE_FAMILY = "1,2";
			};
			name = Release;
		};
/* End XCBuildConfiguration section */

/* Begin XCConfigurationList section */
		DD01097523F7D50100758BF8 /* Build configuration list for PBXProject "SwiftUICode" */ = {
			isa = XCConfigurationList;
			buildConfigurations = (
				DD01098F23F7D50200758BF8 /* Debug */,
				DD01099023F7D50200758BF8 /* Release */,
			);
			defaultConfigurationIsVisible = 0;
			defaultConfigurationName = Release;
		};
		DD01099123F7D50200758BF8 /* Build configuration list for PBXNativeTarget "SwiftUICode" */ = {
			isa = XCConfigurationList;
			buildConfigurations = (
				DD01099223F7D50200758BF8 /* Debug */,
				DD01099323F7D50200758BF8 /* Release */,
			);
			defaultConfigurationIsVisible = 0;
			defaultConfigurationName = Release;
		};
/* End XCConfigurationList section */

/* Begin XCVersionGroup section */
		DD01098123F7D50200758BF8 /* SwiftUICode.xcdatamodeld */ = {
			isa = XCVersionGroup;
			children = (
				DD01098223F7D50200758BF8 /* SwiftUICode.xcdatamodel */,
			);
			currentVersion = DD01098223F7D50200758BF8 /* SwiftUICode.xcdatamodel */;
			path = SwiftUICode.xcdatamodeld;
			sourceTree = "<group>";
			versionGroupType = wrapper.xcdatamodel;
		};
/* End XCVersionGroup section */
	};
	rootObject = DD01097223F7D50100758BF8 /* Project object */;
}
